# This file is automatically @generated by Cargo.
# It is not intended for manual editing.
version = 3

[[package]]
name = "bumpalo"
version = "3.13.0"
source = "registry+https://github.com/rust-lang/crates.io-index"
checksum = "a3e2c3daef883ecc1b5d58c15adae93470a91d425f3532ba1695849656af3fc1"

[[package]]
name = "cfg-if"
version = "1.0.0"
source = "registry+https://github.com/rust-lang/crates.io-index"
checksum = "baf1de4339761588bc0619e3cbc0120ee582ebb74b53b4efbf79117bd2da40fd"

[[package]]
name = "console_error_panic_hook"
version = "0.1.7"
source = "registry+https://github.com/rust-lang/crates.io-index"
checksum = "a06aeb73f470f66dcdbf7223caeebb85984942f22f1adb2a088cf9668146bbbc"
dependencies = [
 "cfg-if",
 "wasm-bindgen",
]

[[package]]
name = "itoa"
version = "1.0.1"
source = "registry+https://github.com/rust-lang/crates.io-index"
checksum = "1aab8fc367588b89dcee83ab0fd66b72b50b72fa1904d7095045ace2b0c81c35"

[[package]]
name = "js-sys"
version = "0.3.67"
source = "registry+https://github.com/rust-lang/crates.io-index"
checksum = "9a1d36f1235bc969acba30b7f5990b864423a6068a10f7c90ae8f0112e3a59d1"
dependencies = [
 "wasm-bindgen",
]

[[package]]
name = "log"
version = "0.4.16"
source = "registry+https://github.com/rust-lang/crates.io-index"
checksum = "6389c490849ff5bc16be905ae24bc913a9c8892e19b2341dbc175e14c341c2b8"
dependencies = [
 "cfg-if",
]

[[package]]
name = "once_cell"
version = "1.18.0"
source = "registry+https://github.com/rust-lang/crates.io-index"
checksum = "dd8b5dd2ae5ed71462c540258bedcb51965123ad7e7ccf4b9a8cafaa4a63576d"

[[package]]
name = "proc-macro2"
version = "1.0.60"
source = "registry+https://github.com/rust-lang/crates.io-index"
checksum = "dec2b086b7a862cf4de201096214fa870344cf922b2b30c167badb3af3195406"
dependencies = [
 "unicode-ident",
]

[[package]]
name = "quote"
version = "1.0.28"
source = "registry+https://github.com/rust-lang/crates.io-index"
checksum = "1b9ab9c7eadfd8df19006f1cf1a4aed13540ed5cbc047010ece5826e10825488"
dependencies = [
 "proc-macro2",
]

[[package]]
name = "ryu"
version = "1.0.9"
source = "registry+https://github.com/rust-lang/crates.io-index"
checksum = "73b4b750c782965c211b42f022f59af1fbceabdd026623714f104152f1ec149f"

[[package]]
name = "scoped-tls"
version = "1.0.0"
source = "registry+https://github.com/rust-lang/crates.io-index"
checksum = "ea6a9290e3c9cf0f18145ef7ffa62d68ee0bf5fcd651017e586dc7fd5da448c2"

[[package]]
name = "serde"
version = "1.0.136"
source = "registry+https://github.com/rust-lang/crates.io-index"
checksum = "ce31e24b01e1e524df96f1c2fdd054405f8d7376249a5110886fb4b658484789"
dependencies = [
 "serde_derive",
]

[[package]]
name = "serde_derive"
version = "1.0.136"
source = "registry+https://github.com/rust-lang/crates.io-index"
checksum = "08597e7152fcd306f41838ed3e37be9eaeed2b61c42e2117266a554fab4662f9"
dependencies = [
 "proc-macro2",
 "quote",
 "syn 1.0.91",
]

[[package]]
name = "serde_json"
version = "1.0.79"
source = "registry+https://github.com/rust-lang/crates.io-index"
checksum = "8e8d9fa5c3b304765ce1fd9c4c8a3de2c8db365a5b91be52f186efc675681d95"
dependencies = [
 "itoa",
 "ryu",
 "serde",
]

[[package]]
name = "syn"
version = "1.0.91"
source = "registry+https://github.com/rust-lang/crates.io-index"
checksum = "b683b2b825c8eef438b77c36a06dc262294da3d5a5813fac20da149241dcd44d"
dependencies = [
 "proc-macro2",
 "quote",
 "unicode-xid",
]

[[package]]
name = "syn"
version = "2.0.18"
source = "registry+https://github.com/rust-lang/crates.io-index"
checksum = "32d41677bcbe24c20c52e7c70b0d8db04134c5d1066bf98662e2871ad200ea3e"
dependencies = [
 "proc-macro2",
 "quote",
 "unicode-ident",
]

[[package]]
name = "uk-areacodes"
version = "0.1.0"
source = "git+https://github.com/eharrow/uk-areacodes-rust#e34bd90ca69db9482a6e0aac00cec5e7e28e9e4a"
dependencies = [
 "serde",
 "serde_json",
]

[[package]]
name = "uk-areacodes-wasm"
version = "0.1.5"
dependencies = [
 "console_error_panic_hook",
 "uk-areacodes",
 "wasm-bindgen",
 "wasm-bindgen-test",
 "web-sys",
]

[[package]]
name = "unicode-ident"
version = "1.0.9"
source = "registry+https://github.com/rust-lang/crates.io-index"
checksum = "b15811caf2415fb889178633e7724bad2509101cde276048e013b9def5e51fa0"

[[package]]
name = "unicode-xid"
version = "0.2.2"
source = "registry+https://github.com/rust-lang/crates.io-index"
checksum = "8ccb82d61f80a663efe1f787a51b16b5a51e3314d6ac365b08639f52387b33f3"

[[package]]
name = "wasm-bindgen"
version = "0.2.90"
source = "registry+https://github.com/rust-lang/crates.io-index"
checksum = "b1223296a201415c7fad14792dbefaace9bd52b62d33453ade1c5b5f07555406"
dependencies = [
 "cfg-if",
 "wasm-bindgen-macro",
]

[[package]]
name = "wasm-bindgen-backend"
version = "0.2.90"
source = "registry+https://github.com/rust-lang/crates.io-index"
checksum = "fcdc935b63408d58a32f8cc9738a0bffd8f05cc7c002086c6ef20b7312ad9dcd"
dependencies = [
 "bumpalo",
 "log",
 "once_cell",
 "proc-macro2",
 "quote",
 "syn 2.0.18",
 "wasm-bindgen-shared",
]

[[package]]
name = "wasm-bindgen-futures"
version = "0.4.40"
source = "registry+https://github.com/rust-lang/crates.io-index"
checksum = "bde2032aeb86bdfaecc8b261eef3cba735cc426c1f3a3416d1e0791be95fc461"
dependencies = [
 "cfg-if",
 "js-sys",
 "wasm-bindgen",
 "web-sys",
]

[[package]]
name = "wasm-bindgen-macro"
version = "0.2.90"
source = "registry+https://github.com/rust-lang/crates.io-index"
checksum = "3e4c238561b2d428924c49815533a8b9121c664599558a5d9ec51f8a1740a999"
dependencies = [
 "quote",
 "wasm-bindgen-macro-support",
]

[[package]]
name = "wasm-bindgen-macro-support"
version = "0.2.90"
source = "registry+https://github.com/rust-lang/crates.io-index"
checksum = "bae1abb6806dc1ad9e560ed242107c0f6c84335f1749dd4e8ddb012ebd5e25a7"
dependencies = [
 "proc-macro2",
 "quote",
 "syn 2.0.18",
 "wasm-bindgen-backend",
 "wasm-bindgen-shared",
]

[[package]]
name = "wasm-bindgen-shared"
version = "0.2.90"
source = "registry+https://github.com/rust-lang/crates.io-index"
checksum = "4d91413b1c31d7539ba5ef2451af3f0b833a005eb27a631cec32bc0635a8602b"

[[package]]
name = "wasm-bindgen-test"
version = "0.3.40"
source = "registry+https://github.com/rust-lang/crates.io-index"
checksum = "139bd73305d50e1c1c4333210c0db43d989395b64a237bd35c10ef3832a7f70c"
dependencies = [
 "console_error_panic_hook",
 "js-sys",
 "scoped-tls",
 "wasm-bindgen",
 "wasm-bindgen-futures",
 "wasm-bindgen-test-macro",
]

[[package]]
name = "wasm-bindgen-test-macro"
version = "0.3.40"
source = "registry+https://github.com/rust-lang/crates.io-index"
checksum = "70072aebfe5da66d2716002c729a14e4aec4da0e23cc2ea66323dac541c93928"
dependencies = [
 "proc-macro2",
 "quote",
 "syn 2.0.18",
]

[[package]]
name = "web-sys"
version = "0.3.66"
source = "registry+https://github.com/rust-lang/crates.io-index"
checksum = "50c24a44ec86bb68fbecd1b3efed7e85ea5621b39b35ef2766b66cd984f8010f"
dependencies = [
 "js-sys",
 "wasm-bindgen",
]
