# This file is automatically @generated by Cargo.
# It is not intended for manual editing.
version = 4

[[package]]
name = "addr2line"
version = "0.25.1"
source = "registry+https://github.com/rust-lang/crates.io-index"
checksum = "1b5d307320b3181d6d7954e663bd7c774a838b8220fe0593c86d9fb09f498b4b"
dependencies = [
 "gimli",
]

[[package]]
name = "adler2"
version = "2.0.1"
source = "registry+https://github.com/rust-lang/crates.io-index"
checksum = "320119579fcad9c21884f5c4861d16174d0e06250625266f50fe6898340abefa"

[[package]]
name = "aho-corasick"
version = "1.1.3"
source = "registry+https://github.com/rust-lang/crates.io-index"
checksum = "8e60d3430d3a69478ad0993f19238d2df97c507009a52b3c10addcd7f6bcb916"
dependencies = [
 "memchr",
]

[[package]]
name = "backtrace"
version = "0.3.76"
source = "registry+https://github.com/rust-lang/crates.io-index"
checksum = "bb531853791a215d7c62a30daf0dde835f381ab5de4589cfe7c649d2cbe92bd6"
dependencies = [
 "addr2line",
 "cfg-if",
 "libc",
 "miniz_oxide",
 "object",
 "rustc-demangle",
 "windows-link",
]

[[package]]
name = "bumpalo"
version = "3.19.0"
source = "registry+https://github.com/rust-lang/crates.io-index"
checksum = "46c5e41b57b8bba42a04676d81cb89e9ee8e859a1a66f80a5a72e1cb76b34d43"

[[package]]
name = "cc"
version = "1.2.40"
source = "registry+https://github.com/rust-lang/crates.io-index"
checksum = "e1d05d92f4b1fd76aad469d46cdd858ca761576082cd37df81416691e50199fb"
dependencies = [
 "find-msvc-tools",
 "shlex",
]

[[package]]
name = "cfg-if"
version = "1.0.3"
source = "registry+https://github.com/rust-lang/crates.io-index"
checksum = "2fd1289c04a9ea8cb22300a459a72a385d7c73d3259e2ed7dcb2af674838cfa9"

[[package]]
name = "color-eyre"
version = "0.6.5"
source = "registry+https://github.com/rust-lang/crates.io-index"
checksum = "e5920befb47832a6d61ee3a3a846565cfa39b331331e68a3b1d1116630f2f26d"
dependencies = [
 "backtrace",
 "color-spantrace",
 "eyre",
 "indenter",
 "once_cell",
 "owo-colors",
 "tracing-error",
]

[[package]]
name = "color-spantrace"
version = "0.3.0"
source = "registry+https://github.com/rust-lang/crates.io-index"
checksum = "b8b88ea9df13354b55bc7234ebcce36e6ef896aca2e42a15de9e10edce01b427"
dependencies = [
 "once_cell",
 "owo-colors",
 "tracing-core",
 "tracing-error",
]

[[package]]
name = "console_error_panic_hook"
version = "0.1.7"
source = "registry+https://github.com/rust-lang/crates.io-index"
checksum = "a06aeb73f470f66dcdbf7223caeebb85984942f22f1adb2a088cf9668146bbbc"
dependencies = [
 "cfg-if",
 "wasm-bindgen",
]

[[package]]
name = "const_panic"
version = "0.2.15"
source = "registry+https://github.com/rust-lang/crates.io-index"
checksum = "e262cdaac42494e3ae34c43969f9cdeb7da178bdb4b66fa6a1ea2edb4c8ae652"
dependencies = [
 "typewit",
]

[[package]]
name = "equivalent"
version = "1.0.2"
source = "registry+https://github.com/rust-lang/crates.io-index"
checksum = "877a4ace8713b0bcf2a4e7eec82529c029f1d0619886d18145fea96c3ffe5c0f"

[[package]]
name = "eyre"
version = "0.6.12"
source = "registry+https://github.com/rust-lang/crates.io-index"
checksum = "7cd915d99f24784cdc19fd37ef22b97e3ff0ae756c7e492e9fbfe897d61e2aec"
dependencies = [
 "indenter",
 "once_cell",
]

[[package]]
name = "find-msvc-tools"
version = "0.1.3"
source = "registry+https://github.com/rust-lang/crates.io-index"
checksum = "0399f9d26e5191ce32c498bebd31e7a3ceabc2745f0ac54af3f335126c3f24b3"

[[package]]
name = "futures-core"
version = "0.3.31"
source = "registry+https://github.com/rust-lang/crates.io-index"
checksum = "05f29059c0c2090612e8d742178b0580d2dc940c837851ad723096f87af6663e"

[[package]]
name = "futures-macro"
version = "0.3.31"
source = "registry+https://github.com/rust-lang/crates.io-index"
checksum = "162ee34ebcb7c64a8abebc059ce0fee27c2262618d7b60ed8faf72fef13c3650"
dependencies = [
 "proc-macro2",
 "quote",
 "syn",
]

[[package]]
name = "futures-task"
version = "0.3.31"
source = "registry+https://github.com/rust-lang/crates.io-index"
checksum = "f90f7dce0722e95104fcb095585910c0977252f286e354b5e3bd38902cd99988"

[[package]]
name = "futures-timer"
version = "3.0.3"
source = "registry+https://github.com/rust-lang/crates.io-index"
checksum = "f288b0a4f20f9a56b5d1da57e2227c661b7b16168e2f72365f57b63326e29b24"

[[package]]
name = "futures-util"
version = "0.3.31"
source = "registry+https://github.com/rust-lang/crates.io-index"
checksum = "9fa08315bb612088cc391249efdc3bc77536f16c91f6cf495e6fbe85b20a4a81"
dependencies = [
 "futures-core",
 "futures-macro",
 "futures-task",
 "pin-project-lite",
 "pin-utils",
 "slab",
]

[[package]]
name = "gimli"
version = "0.32.3"
source = "registry+https://github.com/rust-lang/crates.io-index"
checksum = "e629b9b98ef3dd8afe6ca2bd0f89306cec16d43d907889945bc5d6687f2f13c7"

[[package]]
name = "glob"
version = "0.3.3"
source = "registry+https://github.com/rust-lang/crates.io-index"
checksum = "0cc23270f6e1808e30a928bdc84dea0b9b4136a8bc82338574f23baf47bbd280"

[[package]]
name = "hashbrown"
version = "0.16.0"
source = "registry+https://github.com/rust-lang/crates.io-index"
checksum = "5419bdc4f6a9207fbeba6d11b604d481addf78ecd10c11ad51e76c2f6482748d"

[[package]]
name = "indenter"
version = "0.3.4"
source = "registry+https://github.com/rust-lang/crates.io-index"
checksum = "964de6e86d545b246d84badc0fef527924ace5134f30641c203ef52ba83f58d5"

[[package]]
name = "indexmap"
version = "2.11.4"
source = "registry+https://github.com/rust-lang/crates.io-index"
checksum = "4b0f83760fb341a774ed326568e19f5a863af4a952def8c39f9ab92fd95b88e5"
dependencies = [
 "equivalent",
 "hashbrown",
]

[[package]]
name = "itoa"
version = "1.0.15"
source = "registry+https://github.com/rust-lang/crates.io-index"
checksum = "4a5f13b858c8d314ee3e8f639011f7ccefe71f97f96e50151fb991f267928e2c"

[[package]]
name = "js-sys"
version = "0.3.81"
source = "registry+https://github.com/rust-lang/crates.io-index"
checksum = "ec48937a97411dcb524a265206ccd4c90bb711fca92b2792c407f268825b9305"
dependencies = [
 "once_cell",
 "wasm-bindgen",
]

[[package]]
name = "lazy_static"
version = "1.5.0"
source = "registry+https://github.com/rust-lang/crates.io-index"
checksum = "bbd2bcb4c963f2ddae06a2efc7e9f3591312473c50c6685e1f298068316e66fe"

[[package]]
name = "libc"
version = "0.2.176"
source = "registry+https://github.com/rust-lang/crates.io-index"
checksum = "58f929b4d672ea937a23a1ab494143d968337a5f47e56d0815df1e0890ddf174"

[[package]]
name = "log"
version = "0.4.28"
source = "registry+https://github.com/rust-lang/crates.io-index"
checksum = "34080505efa8e45a4b816c349525ebe327ceaa8559756f0356cba97ef3bf7432"

[[package]]
name = "memchr"
version = "2.7.6"
source = "registry+https://github.com/rust-lang/crates.io-index"
checksum = "f52b00d39961fc5b2736ea853c9cc86238e165017a493d1d5c8eac6bdc4cc273"

[[package]]
name = "minicov"
version = "0.3.7"
source = "registry+https://github.com/rust-lang/crates.io-index"
checksum = "f27fe9f1cc3c22e1687f9446c2083c4c5fc7f0bcf1c7a86bdbded14985895b4b"
dependencies = [
 "cc",
 "walkdir",
]

[[package]]
name = "miniz_oxide"
version = "0.8.9"
source = "registry+https://github.com/rust-lang/crates.io-index"
checksum = "1fa76a2c86f704bdb222d66965fb3d63269ce38518b83cb0575fca855ebb6316"
dependencies = [
 "adler2",
]

[[package]]
name = "object"
version = "0.37.3"
source = "registry+https://github.com/rust-lang/crates.io-index"
checksum = "ff76201f031d8863c38aa7f905eca4f53abbfa15f609db4277d44cd8938f33fe"
dependencies = [
 "memchr",
]

[[package]]
name = "once_cell"
version = "1.21.3"
source = "registry+https://github.com/rust-lang/crates.io-index"
checksum = "42f5e15c9953c5e4ccceeb2e7382a716482c34515315f7b03532b8b4e8393d2d"

[[package]]
name = "owo-colors"
version = "4.2.3"
source = "registry+https://github.com/rust-lang/crates.io-index"
checksum = "9c6901729fa79e91a0913333229e9ca5dc725089d1c363b2f4b4760709dc4a52"

[[package]]
name = "pin-project-lite"
version = "0.2.16"
source = "registry+https://github.com/rust-lang/crates.io-index"
checksum = "3b3cff922bd51709b605d9ead9aa71031d81447142d828eb4a6eba76fe619f9b"

[[package]]
name = "pin-utils"
version = "0.1.0"
source = "registry+https://github.com/rust-lang/crates.io-index"
checksum = "8b870d8c151b6f2fb93e84a13146138f05d02ed11c7e7c54f8826aaaf7c9f184"

[[package]]
name = "proc-macro-crate"
version = "3.4.0"
source = "registry+https://github.com/rust-lang/crates.io-index"
checksum = "219cb19e96be00ab2e37d6e299658a0cfa83e52429179969b0f0121b4ac46983"
dependencies = [
 "toml_edit",
]

[[package]]
name = "proc-macro2"
version = "1.0.101"
source = "registry+https://github.com/rust-lang/crates.io-index"
checksum = "89ae43fd86e4158d6db51ad8e2b80f313af9cc74f5c0e03ccb87de09998732de"
dependencies = [
 "unicode-ident",
]

[[package]]
name = "quote"
version = "1.0.41"
source = "registry+https://github.com/rust-lang/crates.io-index"
checksum = "ce25767e7b499d1b604768e7cde645d14cc8584231ea6b295e9c9eb22c02e1d1"
dependencies = [
 "proc-macro2",
]

[[package]]
name = "regex"
version = "1.11.3"
source = "registry+https://github.com/rust-lang/crates.io-index"
checksum = "8b5288124840bee7b386bc413c487869b360b2b4ec421ea56425128692f2a82c"
dependencies = [
 "aho-corasick",
 "memchr",
 "regex-automata",
 "regex-syntax",
]

[[package]]
name = "regex-automata"
version = "0.4.11"
source = "registry+https://github.com/rust-lang/crates.io-index"
checksum = "833eb9ce86d40ef33cb1306d8accf7bc8ec2bfea4355cbdebb3df68b40925cad"
dependencies = [
 "aho-corasick",
 "memchr",
 "regex-syntax",
]

[[package]]
name = "regex-syntax"
version = "0.8.6"
source = "registry+https://github.com/rust-lang/crates.io-index"
checksum = "caf4aa5b0f434c91fe5c7f1ecb6a5ece2130b02ad2a590589dda5146df959001"

[[package]]
name = "relative-path"
version = "1.9.3"
source = "registry+https://github.com/rust-lang/crates.io-index"
checksum = "ba39f3699c378cd8970968dcbff9c43159ea4cfbd88d43c00b22f2ef10a435d2"

[[package]]
name = "rstest"
version = "0.26.1"
source = "registry+https://github.com/rust-lang/crates.io-index"
checksum = "f5a3193c063baaa2a95a33f03035c8a72b83d97a54916055ba22d35ed3839d49"
dependencies = [
 "futures-timer",
 "futures-util",
 "rstest_macros",
]

[[package]]
name = "rstest_macros"
version = "0.26.1"
source = "registry+https://github.com/rust-lang/crates.io-index"
checksum = "9c845311f0ff7951c5506121a9ad75aec44d083c31583b2ea5a30bcb0b0abba0"
dependencies = [
 "cfg-if",
 "glob",
 "proc-macro-crate",
 "proc-macro2",
 "quote",
 "regex",
 "relative-path",
 "rustc_version",
 "syn",
 "unicode-ident",
]

[[package]]
name = "rustc-demangle"
version = "0.1.26"
source = "registry+https://github.com/rust-lang/crates.io-index"
checksum = "56f7d92ca342cea22a06f2121d944b4fd82af56988c270852495420f961d4ace"

[[package]]
name = "rustc_version"
version = "0.4.1"
source = "registry+https://github.com/rust-lang/crates.io-index"
checksum = "cfcb3a22ef46e85b45de6ee7e79d063319ebb6594faafcf1c225ea92ab6e9b92"
dependencies = [
 "semver",
]

[[package]]
name = "rustversion"
version = "1.0.22"
source = "registry+https://github.com/rust-lang/crates.io-index"
checksum = "b39cdef0fa800fc44525c84ccb54a029961a8215f9619753635a9c0d2538d46d"

[[package]]
name = "ryu"
version = "1.0.20"
source = "registry+https://github.com/rust-lang/crates.io-index"
checksum = "28d3b2b1366ec20994f1fd18c3c594f05c5dd4bc44d8bb0c1c632c8d6829481f"

[[package]]
name = "same-file"
version = "1.0.6"
source = "registry+https://github.com/rust-lang/crates.io-index"
checksum = "93fc1dc3aaa9bfed95e02e6eadabb4baf7e3078b0bd1b4d7b6b0b68378900502"
dependencies = [
 "winapi-util",
]

[[package]]
name = "semver"
version = "1.0.27"
source = "registry+https://github.com/rust-lang/crates.io-index"
checksum = "d767eb0aabc880b29956c35734170f26ed551a859dbd361d140cdbeca61ab1e2"

[[package]]
name = "serde"
version = "1.0.228"
source = "registry+https://github.com/rust-lang/crates.io-index"
checksum = "9a8e94ea7f378bd32cbbd37198a4a91436180c5bb472411e48b5ec2e2124ae9e"
dependencies = [
 "serde_core",
 "serde_derive",
]

[[package]]
name = "serde_core"
version = "1.0.228"
source = "registry+https://github.com/rust-lang/crates.io-index"
checksum = "41d385c7d4ca58e59fc732af25c3983b67ac852c1a25000afe1175de458b67ad"
dependencies = [
 "serde_derive",
]

[[package]]
name = "serde_derive"
version = "1.0.228"
source = "registry+https://github.com/rust-lang/crates.io-index"
checksum = "d540f220d3187173da220f885ab66608367b6574e925011a9353e4badda91d79"
dependencies = [
 "proc-macro2",
 "quote",
 "syn",
]

[[package]]
name = "serde_json"
version = "1.0.145"
source = "registry+https://github.com/rust-lang/crates.io-index"
checksum = "402a6f66d8c709116cf22f558eab210f5a50187f702eb4d7e5ef38d9a7f1c79c"
dependencies = [
 "itoa",
 "memchr",
 "ryu",
 "serde",
 "serde_core",
]

[[package]]
name = "sharded-slab"
version = "0.1.7"
source = "registry+https://github.com/rust-lang/crates.io-index"
checksum = "f40ca3c46823713e0d4209592e8d6e826aa57e928f09752619fc696c499637f6"
dependencies = [
 "lazy_static",
]

[[package]]
name = "shlex"
version = "1.3.0"
source = "registry+https://github.com/rust-lang/crates.io-index"
checksum = "0fda2ff0d084019ba4d7c6f371c95d8fd75ce3524c3cb8fb653a3023f6323e64"

[[package]]
name = "slab"
version = "0.4.11"
source = "registry+https://github.com/rust-lang/crates.io-index"
checksum = "7a2ae44ef20feb57a68b23d846850f861394c2e02dc425a50098ae8c90267589"

[[package]]
name = "syn"
version = "2.0.106"
source = "registry+https://github.com/rust-lang/crates.io-index"
checksum = "ede7c438028d4436d71104916910f5bb611972c5cfd7f89b8300a8186e6fada6"
dependencies = [
 "proc-macro2",
 "quote",
 "unicode-ident",
]

[[package]]
name = "thread_local"
version = "1.1.9"
source = "registry+https://github.com/rust-lang/crates.io-index"
checksum = "f60246a4944f24f6e018aa17cdeffb7818b76356965d03b07d6a9886e8962185"
dependencies = [
 "cfg-if",
]

[[package]]
name = "toml_datetime"
version = "0.7.2"
source = "registry+https://github.com/rust-lang/crates.io-index"
checksum = "32f1085dec27c2b6632b04c80b3bb1b4300d6495d1e129693bdda7d91e72eec1"
dependencies = [
 "serde_core",
]

[[package]]
name = "toml_edit"
version = "0.23.6"
source = "registry+https://github.com/rust-lang/crates.io-index"
checksum = "f3effe7c0e86fdff4f69cdd2ccc1b96f933e24811c5441d44904e8683e27184b"
dependencies = [
 "indexmap",
 "toml_datetime",
 "toml_parser",
 "winnow",
]

[[package]]
name = "toml_parser"
version = "1.0.3"
source = "registry+https://github.com/rust-lang/crates.io-index"
checksum = "4cf893c33be71572e0e9aa6dd15e6677937abd686b066eac3f8cd3531688a627"
dependencies = [
 "winnow",
]

[[package]]
name = "tracing"
version = "0.1.41"
source = "registry+https://github.com/rust-lang/crates.io-index"
checksum = "784e0ac535deb450455cbfa28a6f0df145ea1bb7ae51b821cf5e7927fdcfbdd0"
dependencies = [
 "pin-project-lite",
 "tracing-core",
]

[[package]]
name = "tracing-core"
version = "0.1.34"
source = "registry+https://github.com/rust-lang/crates.io-index"
checksum = "b9d12581f227e93f094d3af2ae690a574abb8a2b9b7a96e7cfe9647b2b617678"
dependencies = [
 "once_cell",
 "valuable",
]

[[package]]
name = "tracing-error"
version = "0.2.1"
source = "registry+https://github.com/rust-lang/crates.io-index"
checksum = "8b1581020d7a273442f5b45074a6a57d5757ad0a47dac0e9f0bd57b81936f3db"
dependencies = [
 "tracing",
 "tracing-subscriber",
]

[[package]]
name = "tracing-subscriber"
version = "0.3.20"
source = "registry+https://github.com/rust-lang/crates.io-index"
checksum = "2054a14f5307d601f88daf0553e1cbf472acc4f2c51afab632431cdcd72124d5"
dependencies = [
 "sharded-slab",
 "thread_local",
 "tracing-core",
]

[[package]]
name = "typewit"
version = "1.14.2"
source = "registry+https://github.com/rust-lang/crates.io-index"
checksum = "f8c1ae7cc0fdb8b842d65d127cb981574b0d2b249b74d1c7a2986863dc134f71"

[[package]]
name = "uk-areacodes"
version = "0.1.0"
source = "git+https://github.com/eharrow/uk-areacodes-rust#57b7fd8766eaf11bb7e78ca047b42b00a54c1339"
dependencies = [
 "color-eyre",
 "const_panic",
 "rstest",
 "serde",
 "serde_json",
]

[[package]]
name = "uk-areacodes-wasm"
version = "0.1.8"
dependencies = [
 "console_error_panic_hook",
 "uk-areacodes",
 "wasm-bindgen",
 "wasm-bindgen-test",
 "web-sys",
]

[[package]]
name = "unicode-ident"
version = "1.0.19"
source = "registry+https://github.com/rust-lang/crates.io-index"
checksum = "f63a545481291138910575129486daeaf8ac54aee4387fe7906919f7830c7d9d"

[[package]]
name = "valuable"
version = "0.1.1"
source = "registry+https://github.com/rust-lang/crates.io-index"
checksum = "ba73ea9cf16a25df0c8caa16c51acb937d5712a8429db78a3ee29d5dcacd3a65"

[[package]]
name = "walkdir"
version = "2.5.0"
source = "registry+https://github.com/rust-lang/crates.io-index"
checksum = "29790946404f91d9c5d06f9874efddea1dc06c5efe94541a7d6863108e3a5e4b"
dependencies = [
 "same-file",
 "winapi-util",
]

[[package]]
name = "wasm-bindgen"
version = "0.2.104"
source = "registry+https://github.com/rust-lang/crates.io-index"
checksum = "c1da10c01ae9f1ae40cbfac0bac3b1e724b320abfcf52229f80b547c0d250e2d"
dependencies = [
 "cfg-if",
 "once_cell",
 "rustversion",
 "wasm-bindgen-macro",
 "wasm-bindgen-shared",
]

[[package]]
name = "wasm-bindgen-backend"
version = "0.2.104"
source = "registry+https://github.com/rust-lang/crates.io-index"
checksum = "671c9a5a66f49d8a47345ab942e2cb93c7d1d0339065d4f8139c486121b43b19"
dependencies = [
 "bumpalo",
 "log",
 "proc-macro2",
 "quote",
 "syn",
 "wasm-bindgen-shared",
]

[[package]]
name = "wasm-bindgen-futures"
version = "0.4.54"
source = "registry+https://github.com/rust-lang/crates.io-index"
checksum = "7e038d41e478cc73bae0ff9b36c60cff1c98b8f38f8d7e8061e79ee63608ac5c"
dependencies = [
 "cfg-if",
 "js-sys",
 "once_cell",
 "wasm-bindgen",
 "web-sys",
]

[[package]]
name = "wasm-bindgen-macro"
version = "0.2.104"
source = "registry+https://github.com/rust-lang/crates.io-index"
checksum = "7ca60477e4c59f5f2986c50191cd972e3a50d8a95603bc9434501cf156a9a119"
dependencies = [
 "quote",
 "wasm-bindgen-macro-support",
]

[[package]]
name = "wasm-bindgen-macro-support"
version = "0.2.104"
source = "registry+https://github.com/rust-lang/crates.io-index"
checksum = "9f07d2f20d4da7b26400c9f4a0511e6e0345b040694e8a75bd41d578fa4421d7"
dependencies = [
 "proc-macro2",
 "quote",
 "syn",
 "wasm-bindgen-backend",
 "wasm-bindgen-shared",
]

[[package]]
name = "wasm-bindgen-shared"
version = "0.2.104"
source = "registry+https://github.com/rust-lang/crates.io-index"
checksum = "bad67dc8b2a1a6e5448428adec4c3e84c43e561d8c9ee8a9e5aabeb193ec41d1"
dependencies = [
 "unicode-ident",
]

[[package]]
name = "wasm-bindgen-test"
version = "0.3.54"
source = "registry+https://github.com/rust-lang/crates.io-index"
checksum = "4e381134e148c1062f965a42ed1f5ee933eef2927c3f70d1812158f711d39865"
dependencies = [
 "js-sys",
 "minicov",
 "wasm-bindgen",
 "wasm-bindgen-futures",
 "wasm-bindgen-test-macro",
]

[[package]]
name = "wasm-bindgen-test-macro"
version = "0.3.54"
source = "registry+https://github.com/rust-lang/crates.io-index"
checksum = "b673bca3298fe582aeef8352330ecbad91849f85090805582400850f8270a2e8"
dependencies = [
 "proc-macro2",
 "quote",
 "syn",
]

[[package]]
name = "web-sys"
version = "0.3.81"
source = "registry+https://github.com/rust-lang/crates.io-index"
checksum = "9367c417a924a74cae129e6a2ae3b47fabb1f8995595ab474029da749a8be120"
dependencies = [
 "js-sys",
 "wasm-bindgen",
]

[[package]]
name = "winapi-util"
version = "0.1.11"
source = "registry+https://github.com/rust-lang/crates.io-index"
checksum = "c2a7b1c03c876122aa43f3020e6c3c3ee5c05081c9a00739faf7503aeba10d22"
dependencies = [
 "windows-sys",
]

[[package]]
name = "windows-link"
version = "0.2.0"
source = "registry+https://github.com/rust-lang/crates.io-index"
checksum = "45e46c0661abb7180e7b9c281db115305d49ca1709ab8242adf09666d2173c65"

[[package]]
name = "windows-sys"
version = "0.61.1"
source = "registry+https://github.com/rust-lang/crates.io-index"
checksum = "6f109e41dd4a3c848907eb83d5a42ea98b3769495597450cf6d153507b166f0f"
dependencies = [
 "windows-link",
]

[[package]]
name = "winnow"
version = "0.7.13"
source = "registry+https://github.com/rust-lang/crates.io-index"
checksum = "21a0236b59786fed61e2a80582dd500fe61f18b5dca67a4a067d0bc9039339cf"
dependencies = [
 "memchr",
]
